
Microsoft Visual Studio Solution File, Format Version 12.00
# Visual Studio Version 16
VisualStudioVersion = 16.0.31515.178
MinimumVisualStudioVersion = 10.0.40219.1
Project("{FAE04EC0-301F-11D3-BF4B-00C04F79EFBC}") = "car-rental-client", "car-rental-client.csproj", "{7E05803C-7B4B-4A21-B63A-7077AE94F11F}"
EndProject
Global
	GlobalSection(SolutionConfigurationPlatforms) = preSolution
		Debug|Any CPU = Debug|Any CPU
		Release|Any CPU = Release|Any CPU
	EndGlobalSection
	GlobalSection(ProjectConfigurationPlatforms) = postSolution
		{7E05803C-7B4B-4A21-B63A-7077AE94F11F}.Debug|Any CPU.ActiveCfg = Debug|Any CPU
		{7E05803C-7B4B-4A21-B63A-7077AE94F11F}.Debug|Any CPU.Build.0 = Debug|Any CPU
		{7E05803C-7B4B-4A21-B63A-7077AE94F11F}.Release|Any CPU.ActiveCfg = Release|Any CPU
		{7E05803C-7B4B-4A21-B63A-7077AE94F11F}.Release|Any CPU.Build.0 = Release|Any CPU
	EndGlobalSection
	GlobalSection(SolutionProperties) = preSolution
		HideSolutionNode = FALSE
	EndGlobalSection
	GlobalSection(ExtensibilityGlobals) = postSolution
		SolutionGuid = {256CFAA0-7C55-4ECF-BA7F-C003FDE22D31}
	EndGlobalSection
EndGlobal
